// !$*UTF8*$!
{
	archiveVersion = 1;
	classes = {
	};
	objectVersion = 56;
	objects = {

/* Begin PBXBuildFile section */
		681C21412A0CE57D008AD97A /* AdsSdk in Frameworks */ = {isa = PBXBuildFile; productRef = 681C21402A0CE57D008AD97A /* AdsSdk */; };
		681C21442A0CE7D4008AD97A /* Section.swift in Sources */ = {isa = PBXBuildFile; fileRef = 681C21432A0CE7D4008AD97A /* Section.swift */; };
		6841383529F1BB9F00AFB2BB /* MainApp.swift in Sources */ = {isa = PBXBuildFile; fileRef = 6841383429F1BB9F00AFB2BB /* MainApp.swift */; };
		6841383729F1BBA000AFB2BB /* Assets.xcassets in Resources */ = {isa = PBXBuildFile; fileRef = 6841383629F1BBA000AFB2BB /* Assets.xcassets */; };
		6841383B29F1BBA000AFB2BB /* Preview Assets.xcassets in Resources */ = {isa = PBXBuildFile; fileRef = 6841383A29F1BBA000AFB2BB /* Preview Assets.xcassets */; };
		68F92F592A0D4C3700C5623F /* IntegrateFlutterSampleApp.swift in Sources */ = {isa = PBXBuildFile; fileRef = 68F92F582A0D4C3700C5623F /* IntegrateFlutterSampleApp.swift */; };
/* End PBXBuildFile section */

/* Begin PBXFileReference section */
		088E3659352FB3DF6920127B /* Pods-IntegrateFlutterSample.debug.xcconfig */ = {isa = PBXFileReference; includeInIndex = 1; lastKnownFileType = text.xcconfig; name = "Pods-IntegrateFlutterSample.debug.xcconfig"; path = "Target Support Files/Pods-IntegrateFlutterSample/Pods-IntegrateFlutterSample.debug.xcconfig"; sourceTree = "<group>"; };
		681C21432A0CE7D4008AD97A /* Section.swift */ = {isa = PBXFileReference; lastKnownFileType = sourcecode.swift; path = Section.swift; sourceTree = "<group>"; };
		6841382F29F1BB9F00AFB2BB /* IntegrateFlutterSample.app */ = {isa = PBXFileReference; explicitFileType = wrapper.application; includeInIndex = 0; path = IntegrateFlutterSample.app; sourceTree = BUILT_PRODUCTS_DIR; };
		6841383429F1BB9F00AFB2BB /* MainApp.swift */ = {isa = PBXFileReference; lastKnownFileType = sourcecode.swift; path = MainApp.swift; sourceTree = "<group>"; };
		6841383629F1BBA000AFB2BB /* Assets.xcassets */ = {isa = PBXFileReference; lastKnownFileType = folder.assetcatalog; path = Assets.xcassets; sourceTree = "<group>"; };
		6841383829F1BBA000AFB2BB /* IntegrateFlutterSample.entitlements */ = {isa = PBXFileReference; lastKnownFileType = text.plist.entitlements; path = IntegrateFlutterSample.entitlements; sourceTree = "<group>"; };
		6841383A29F1BBA000AFB2BB /* Preview Assets.xcassets */ = {isa = PBXFileReference; lastKnownFileType = folder.assetcatalog; path = "Preview Assets.xcassets"; sourceTree = "<group>"; };
		68F92F582A0D4C3700C5623F /* IntegrateFlutterSampleApp.swift */ = {isa = PBXFileReference; lastKnownFileType = sourcecode.swift; path = IntegrateFlutterSampleApp.swift; sourceTree = "<group>"; };
		CF4BE7614CF55819D98DA70C /* Pods-IntegrateFlutterSample.release.xcconfig */ = {isa = PBXFileReference; includeInIndex = 1; lastKnownFileType = text.xcconfig; name = "Pods-IntegrateFlutterSample.release.xcconfig"; path = "Target Support Files/Pods-IntegrateFlutterSample/Pods-IntegrateFlutterSample.release.xcconfig"; sourceTree = "<group>"; };
/* End PBXFileReference section */

/* Begin PBXFrameworksBuildPhase section */
		6841382C29F1BB9F00AFB2BB /* Frameworks */ = {
			isa = PBXFrameworksBuildPhase;
			buildActionMask = 2147483647;
			files = (
				681C21412A0CE57D008AD97A /* AdsSdk in Frameworks */,
			);
			runOnlyForDeploymentPostprocessing = 0;
		};
/* End PBXFrameworksBuildPhase section */

/* Begin PBXGroup section */
		304EBB3D2BCC90C70BDE348C /* Frameworks */ = {
			isa = PBXGroup;
			children = (
			);
			name = Frameworks;
			sourceTree = "<group>";
		};
		443DC1B401CA5D1245F8F6C2 /* Pods */ = {
			isa = PBXGroup;
			children = (
				088E3659352FB3DF6920127B /* Pods-IntegrateFlutterSample.debug.xcconfig */,
				CF4BE7614CF55819D98DA70C /* Pods-IntegrateFlutterSample.release.xcconfig */,
			);
			path = Pods;
			sourceTree = "<group>";
		};
		681C21422A0CE77D008AD97A /* Presentation */ = {
			isa = PBXGroup;
			children = (
				6841383429F1BB9F00AFB2BB /* MainApp.swift */,
				681C21432A0CE7D4008AD97A /* Section.swift */,
				68F92F582A0D4C3700C5623F /* IntegrateFlutterSampleApp.swift */,
			);
			path = Presentation;
			sourceTree = "<group>";
		};
		6841382629F1BB9F00AFB2BB = {
			isa = PBXGroup;
			children = (
				6841383129F1BB9F00AFB2BB /* IntegrateFlutterSample */,
				6841383029F1BB9F00AFB2BB /* Products */,
				443DC1B401CA5D1245F8F6C2 /* Pods */,
				304EBB3D2BCC90C70BDE348C /* Frameworks */,
			);
			sourceTree = "<group>";
		};
		6841383029F1BB9F00AFB2BB /* Products */ = {
			isa = PBXGroup;
			children = (
				6841382F29F1BB9F00AFB2BB /* IntegrateFlutterSample.app */,
			);
			name = Products;
			sourceTree = "<group>";
		};
		6841383129F1BB9F00AFB2BB /* IntegrateFlutterSample */ = {
			isa = PBXGroup;
			children = (
				681C21422A0CE77D008AD97A /* Presentation */,
				6841383629F1BBA000AFB2BB /* Assets.xcassets */,
				6841383829F1BBA000AFB2BB /* IntegrateFlutterSample.entitlements */,
				6841383929F1BBA000AFB2BB /* Preview Content */,
			);
			path = IntegrateFlutterSample;
			sourceTree = "<group>";
		};
		6841383929F1BBA000AFB2BB /* Preview Content */ = {
			isa = PBXGroup;
			children = (
				6841383A29F1BBA000AFB2BB /* Preview Assets.xcassets */,
			);
			path = "Preview Content";
			sourceTree = "<group>";
		};
/* End PBXGroup section */

/* Begin PBXNativeTarget section */
		6841382E29F1BB9F00AFB2BB /* IntegrateFlutterSample */ = {
			isa = PBXNativeTarget;
			buildConfigurationList = 6841383E29F1BBA000AFB2BB /* Build configuration list for PBXNativeTarget "IntegrateFlutterSample" */;
			buildPhases = (
				8A50E4AAB21DD5104AC0C96D /* [CP] Check Pods Manifest.lock */,
				6841382B29F1BB9F00AFB2BB /* Sources */,
				6841382C29F1BB9F00AFB2BB /* Frameworks */,
				6841382D29F1BB9F00AFB2BB /* Resources */,
			);
			buildRules = (
			);
			dependencies = (
			);
			name = IntegrateFlutterSample;
			packageProductDependencies = (
				681C21402A0CE57D008AD97A /* AdsSdk */,
			);
			productName = IntegrateFlutterSample;
			productReference = 6841382F29F1BB9F00AFB2BB /* IntegrateFlutterSample.app */;
			productType = "com.apple.product-type.application";
		};
/* End PBXNativeTarget section */

/* Begin PBXProject section */
		6841382729F1BB9F00AFB2BB /* Project object */ = {
			isa = PBXProject;
			attributes = {
				BuildIndependentTargetsInParallel = 1;
				LastSwiftUpdateCheck = 1430;
				LastUpgradeCheck = 1430;
				TargetAttributes = {
					6841382E29F1BB9F00AFB2BB = {
						CreatedOnToolsVersion = 14.3;
					};
				};
			};
			buildConfigurationList = 6841382A29F1BB9F00AFB2BB /* Build configuration list for PBXProject "IntegrateFlutterSample" */;
			compatibilityVersion = "Xcode 14.0";
			developmentRegion = en;
			hasScannedForEncodings = 0;
			knownRegions = (
				en,
				Base,
			);
			mainGroup = 6841382629F1BB9F00AFB2BB;
			packageReferences = (
				681C213F2A0CE57D008AD97A /* XCRemoteSwiftPackageReference "ios_ads_sdk" */,
			);
			productRefGroup = 6841383029F1BB9F00AFB2BB /* Products */;
			projectDirPath = "";
			projectRoot = "";
			targets = (
				6841382E29F1BB9F00AFB2BB /* IntegrateFlutterSample */,
			);
		};
/* End PBXProject section */

/* Begin PBXResourcesBuildPhase section */
		6841382D29F1BB9F00AFB2BB /* Resources */ = {
			isa = PBXResourcesBuildPhase;
			buildActionMask = 2147483647;
			files = (
				6841383B29F1BBA000AFB2BB /* Preview Assets.xcassets in Resources */,
				6841383729F1BBA000AFB2BB /* Assets.xcassets in Resources */,
			);
			runOnlyForDeploymentPostprocessing = 0;
		};
/* End PBXResourcesBuildPhase section */

/* Begin PBXShellScriptBuildPhase section */
		8A50E4AAB21DD5104AC0C96D /* [CP] Check Pods Manifest.lock */ = {
			isa = PBXShellScriptBuildPhase;
			buildActionMask = 2147483647;
			files = (
			);
			inputFileListPaths = (
			);
			inputPaths = (
				"${PODS_PODFILE_DIR_PATH}/Podfile.lock",
				"${PODS_ROOT}/Manifest.lock",
			);
			name = "[CP] Check Pods Manifest.lock";
			outputFileListPaths = (
			);
			outputPaths = (
				"$(DERIVED_FILE_DIR)/Pods-IntegrateFlutterSample-checkManifestLockResult.txt",
			);
			runOnlyForDeploymentPostprocessing = 0;
			shellPath = /bin/sh;
			shellScript = "diff \"${PODS_PODFILE_DIR_PATH}/Podfile.lock\" \"${PODS_ROOT}/Manifest.lock\" > /dev/null\nif [ $? != 0 ] ; then\n    # print error to STDERR\n    echo \"error: The sandbox is not in sync with the Podfile.lock. Run 'pod install' or update your CocoaPods installation.\" >&2\n    exit 1\nfi\n# This output is used by Xcode 'outputs' to avoid re-running this script phase.\necho \"SUCCESS\" > \"${SCRIPT_OUTPUT_FILE_0}\"\n";
			showEnvVarsInLog = 0;
		};
/* End PBXShellScriptBuildPhase section */

/* Begin PBXSourcesBuildPhase section */
		6841382B29F1BB9F00AFB2BB /* Sources */ = {
			isa = PBXSourcesBuildPhase;
			buildActionMask = 2147483647;
			files = (
				681C21442A0CE7D4008AD97A /* Section.swift in Sources */,
				6841383529F1BB9F00AFB2BB /* MainApp.swift in Sources */,
				68F92F592A0D4C3700C5623F /* IntegrateFlutterSampleApp.swift in Sources */,
			);
			runOnlyForDeploymentPostprocessing = 0;
		};
/* End PBXSourcesBuildPhase section */

/* Begin XCBuildConfiguration section */
		6841383C29F1BBA000AFB2BB /* Debug */ = {
			isa = XCBuildConfiguration;
			buildSettings = {
				ALWAYS_SEARCH_USER_PATHS = NO;
				CLANG_ANALYZER_NONNULL = YES;
				CLANG_ANALYZER_NUMBER_OBJECT_CONVERSION = YES_AGGRESSIVE;
				CLANG_CXX_LANGUAGE_STANDARD = "gnu++20";
				CLANG_ENABLE_MODULES = YES;
				CLANG_ENABLE_OBJC_ARC = YES;
				CLANG_ENABLE_OBJC_WEAK = YES;
				CLANG_WARN_BLOCK_CAPTURE_AUTORELEASING = YES;
				CLANG_WARN_BOOL_CONVERSION = YES;
				CLANG_WARN_COMMA = YES;
				CLANG_WARN_CONSTANT_CONVERSION = YES;
				CLANG_WARN_DEPRECATED_OBJC_IMPLEMENTATIONS = YES;
				CLANG_WARN_DIRECT_OBJC_ISA_USAGE = YES_ERROR;
				CLANG_WARN_DOCUMENTATION_COMMENTS = YES;
				CLANG_WARN_EMPTY_BODY = YES;
				CLANG_WARN_ENUM_CONVERSION = YES;
				CLANG_WARN_INFINITE_RECURSION = YES;
				CLANG_WARN_INT_CONVERSION = YES;
				CLANG_WARN_NON_LITERAL_NULL_CONVERSION = YES;
				CLANG_WARN_OBJC_IMPLICIT_RETAIN_SELF = YES;
				CLANG_WARN_OBJC_LITERAL_CONVERSION = YES;
				CLANG_WARN_OBJC_ROOT_CLASS = YES_ERROR;
				CLANG_WARN_QUOTED_INCLUDE_IN_FRAMEWORK_HEADER = YES;
				CLANG_WARN_RANGE_LOOP_ANALYSIS = YES;
				CLANG_WARN_STRICT_PROTOTYPES = YES;
				CLANG_WARN_SUSPICIOUS_MOVE = YES;
				CLANG_WARN_UNGUARDED_AVAILABILITY = YES_AGGRESSIVE;
				CLANG_WARN_UNREACHABLE_CODE = YES;
				CLANG_WARN__DUPLICATE_METHOD_MATCH = YES;
				COPY_PHASE_STRIP = NO;
				DEBUG_INFORMATION_FORMAT = dwarf;
				ENABLE_STRICT_OBJC_MSGSEND = YES;
				ENABLE_TESTABILITY = YES;
				GCC_C_LANGUAGE_STANDARD = gnu11;
				GCC_DYNAMIC_NO_PIC = NO;
				GCC_NO_COMMON_BLOCKS = YES;
				GCC_OPTIMIZATION_LEVEL = 0;
				GCC_PREPROCESSOR_DEFINITIONS = (
					"DEBUG=1",
					"$(inherited)",
				);
				GCC_WARN_64_TO_32_BIT_CONVERSION = YES;
				GCC_WARN_ABOUT_RETURN_TYPE = YES_ERROR;
				GCC_WARN_UNDECLARED_SELECTOR = YES;
				GCC_WARN_UNINITIALIZED_AUTOS = YES_AGGRESSIVE;
				GCC_WARN_UNUSED_FUNCTION = YES;
				GCC_WARN_UNUSED_VARIABLE = YES;
				MTL_ENABLE_DEBUG_INFO = INCLUDE_SOURCE;
				MTL_FAST_MATH = YES;
				ONLY_ACTIVE_ARCH = YES;
				SWIFT_ACTIVE_COMPILATION_CONDITIONS = DEBUG;
				SWIFT_OPTIMIZATION_LEVEL = "-Onone";
			};
			name = Debug;
		};
		6841383D29F1BBA000AFB2BB /* Release */ = {
			isa = XCBuildConfiguration;
			buildSettings = {
				ALWAYS_SEARCH_USER_PATHS = NO;
				CLANG_ANALYZER_NONNULL = YES;
				CLANG_ANALYZER_NUMBER_OBJECT_CONVERSION = YES_AGGRESSIVE;
				CLANG_CXX_LANGUAGE_STANDARD = "gnu++20";
				CLANG_ENABLE_MODULES = YES;
				CLANG_ENABLE_OBJC_ARC = YES;
				CLANG_ENABLE_OBJC_WEAK = YES;
				CLANG_WARN_BLOCK_CAPTURE_AUTORELEASING = YES;
				CLANG_WARN_BOOL_CONVERSION = YES;
				CLANG_WARN_COMMA = YES;
				CLANG_WARN_CONSTANT_CONVERSION = YES;
				CLANG_WARN_DEPRECATED_OBJC_IMPLEMENTATIONS = YES;
				CLANG_WARN_DIRECT_OBJC_ISA_USAGE = YES_ERROR;
				CLANG_WARN_DOCUMENTATION_COMMENTS = YES;
				CLANG_WARN_EMPTY_BODY = YES;
				CLANG_WARN_ENUM_CONVERSION = YES;
				CLANG_WARN_INFINITE_RECURSION = YES;
				CLANG_WARN_INT_CONVERSION = YES;
				CLANG_WARN_NON_LITERAL_NULL_CONVERSION = YES;
				CLANG_WARN_OBJC_IMPLICIT_RETAIN_SELF = YES;
				CLANG_WARN_OBJC_LITERAL_CONVERSION = YES;
				CLANG_WARN_OBJC_ROOT_CLASS = YES_ERROR;
				CLANG_WARN_QUOTED_INCLUDE_IN_FRAMEWORK_HEADER = YES;
				CLANG_WARN_RANGE_LOOP_ANALYSIS = YES;
				CLANG_WARN_STRICT_PROTOTYPES = YES;
				CLANG_WARN_SUSPICIOUS_MOVE = YES;
				CLANG_WARN_UNGUARDED_AVAILABILITY = YES_AGGRESSIVE;
				CLANG_WARN_UNREACHABLE_CODE = YES;
				CLANG_WARN__DUPLICATE_METHOD_MATCH = YES;
				COPY_PHASE_STRIP = NO;
				DEBUG_INFORMATION_FORMAT = "dwarf-with-dsym";
				ENABLE_NS_ASSERTIONS = NO;
				ENABLE_STRICT_OBJC_MSGSEND = YES;
				GCC_C_LANGUAGE_STANDARD = gnu11;
				GCC_NO_COMMON_BLOCKS = YES;
				GCC_WARN_64_TO_32_BIT_CONVERSION = YES;
				GCC_WARN_ABOUT_RETURN_TYPE = YES_ERROR;
				GCC_WARN_UNDECLARED_SELECTOR = YES;
				GCC_WARN_UNINITIALIZED_AUTOS = YES_AGGRESSIVE;
				GCC_WARN_UNUSED_FUNCTION = YES;
				GCC_WARN_UNUSED_VARIABLE = YES;
				MTL_ENABLE_DEBUG_INFO = NO;
				MTL_FAST_MATH = YES;
				SWIFT_COMPILATION_MODE = wholemodule;
				SWIFT_OPTIMIZATION_LEVEL = "-O";
			};
			name = Release;
		};
		6841383F29F1BBA000AFB2BB /* Debug */ = {
			isa = XCBuildConfiguration;
			baseConfigurationReference = 088E3659352FB3DF6920127B /* Pods-IntegrateFlutterSample.debug.xcconfig */;
			buildSettings = {
				ASSETCATALOG_COMPILER_APPICON_NAME = AppIcon;
				ASSETCATALOG_COMPILER_GLOBAL_ACCENT_COLOR_NAME = AccentColor;
				CODE_SIGN_ENTITLEMENTS = IntegrateFlutterSample/IntegrateFlutterSample.entitlements;
				CODE_SIGN_STYLE = Automatic;
				CURRENT_PROJECT_VERSION = 1;
				DEVELOPMENT_ASSET_PATHS = "\"IntegrateFlutterSample/Preview Content\"";
				DEVELOPMENT_TEAM = QC9RBGBQC6;
				ENABLE_HARDENED_RUNTIME = YES;
				ENABLE_PREVIEWS = YES;
				GENERATE_INFOPLIST_FILE = YES;
				"INFOPLIST_KEY_UIApplicationSceneManifest_Generation[sdk=iphoneos*]" = YES;
				"INFOPLIST_KEY_UIApplicationSceneManifest_Generation[sdk=iphonesimulator*]" = YES;
				"INFOPLIST_KEY_UIApplicationSupportsIndirectInputEvents[sdk=iphoneos*]" = YES;
				"INFOPLIST_KEY_UIApplicationSupportsIndirectInputEvents[sdk=iphonesimulator*]" = YES;
				"INFOPLIST_KEY_UILaunchScreen_Generation[sdk=iphoneos*]" = YES;
				"INFOPLIST_KEY_UILaunchScreen_Generation[sdk=iphonesimulator*]" = YES;
				"INFOPLIST_KEY_UIStatusBarStyle[sdk=iphoneos*]" = UIStatusBarStyleDefault;
				"INFOPLIST_KEY_UIStatusBarStyle[sdk=iphonesimulator*]" = UIStatusBarStyleDefault;
				INFOPLIST_KEY_UISupportedInterfaceOrientations_iPad = "UIInterfaceOrientationPortrait UIInterfaceOrientationPortraitUpsideDown UIInterfaceOrientationLandscapeLeft UIInterfaceOrientationLandscapeRight";
				INFOPLIST_KEY_UISupportedInterfaceOrientations_iPhone = "UIInterfaceOrientationPortrait UIInterfaceOrientationLandscapeLeft UIInterfaceOrientationLandscapeRight";
				IPHONEOS_DEPLOYMENT_TARGET = 14.0;
				LD_RUNPATH_SEARCH_PATHS = "@executable_path/Frameworks";
				"LD_RUNPATH_SEARCH_PATHS[sdk=macosx*]" = "@executable_path/../Frameworks";
				MACOSX_DEPLOYMENT_TARGET = 13.3;
				MARKETING_VERSION = 1.0;
				OTHER_LDFLAGS = "$(inherited)";
				PRODUCT_BUNDLE_IDENTIFIER = com.example.IntegrateFlutterSample.IntegrateFlutterSample;
				PRODUCT_NAME = "$(TARGET_NAME)";
				SDKROOT = auto;
				SUPPORTED_PLATFORMS = "iphoneos iphonesimulator macosx";
				SWIFT_EMIT_LOC_STRINGS = YES;
				SWIFT_VERSION = 5.0;
				TARGETED_DEVICE_FAMILY = "1,2";
			};
			name = Debug;
		};
		6841384029F1BBA000AFB2BB /* Release */ = {
			isa = XCBuildConfiguration;
			baseConfigurationReference = CF4BE7614CF55819D98DA70C /* Pods-IntegrateFlutterSample.release.xcconfig */;
			buildSettings = {
				ASSETCATALOG_COMPILER_APPICON_NAME = AppIcon;
				ASSETCATALOG_COMPILER_GLOBAL_ACCENT_COLOR_NAME = AccentColor;
				CODE_SIGN_ENTITLEMENTS = IntegrateFlutterSample/IntegrateFlutterSample.entitlements;
				CODE_SIGN_STYLE = Automatic;
				CURRENT_PROJECT_VERSION = 1;
				DEVELOPMENT_ASSET_PATHS = "\"IntegrateFlutterSample/Preview Content\"";
				DEVELOPMENT_TEAM = QC9RBGBQC6;
				ENABLE_HARDENED_RUNTIME = YES;
				ENABLE_PREVIEWS = YES;
				GENERATE_INFOPLIST_FILE = YES;
				"INFOPLIST_KEY_UIApplicationSceneManifest_Generation[sdk=iphoneos*]" = YES;
				"INFOPLIST_KEY_UIApplicationSceneManifest_Generation[sdk=iphonesimulator*]" = YES;
				"INFOPLIST_KEY_UIApplicationSupportsIndirectInputEvents[sdk=iphoneos*]" = YES;
				"INFOPLIST_KEY_UIApplicationSupportsIndirectInputEvents[sdk=iphonesimulator*]" = YES;
				"INFOPLIST_KEY_UILaunchScreen_Generation[sdk=iphoneos*]" = YES;
				"INFOPLIST_KEY_UILaunchScreen_Generation[sdk=iphonesimulator*]" = YES;
				"INFOPLIST_KEY_UIStatusBarStyle[sdk=iphoneos*]" = UIStatusBarStyleDefault;
				"INFOPLIST_KEY_UIStatusBarStyle[sdk=iphonesimulator*]" = UIStatusBarStyleDefault;
				INFOPLIST_KEY_UISupportedInterfaceOrientations_iPad = "UIInterfaceOrientationPortrait UIInterfaceOrientationPortraitUpsideDown UIInterfaceOrientationLandscapeLeft UIInterfaceOrientationLandscapeRight";
				INFOPLIST_KEY_UISupportedInterfaceOrientations_iPhone = "UIInterfaceOrientationPortrait UIInterfaceOrientationLandscapeLeft UIInterfaceOrientationLandscapeRight";
				IPHONEOS_DEPLOYMENT_TARGET = 14.0;
				LD_RUNPATH_SEARCH_PATHS = "@executable_path/Frameworks";
				"LD_RUNPATH_SEARCH_PATHS[sdk=macosx*]" = "@executable_path/../Frameworks";
				MACOSX_DEPLOYMENT_TARGET = 13.3;
				MARKETING_VERSION = 1.0;
				OTHER_LDFLAGS = "$(inherited)";
				PRODUCT_BUNDLE_IDENTIFIER = com.example.IntegrateFlutterSample.IntegrateFlutterSample;
				PRODUCT_NAME = "$(TARGET_NAME)";
				SDKROOT = auto;
				SUPPORTED_PLATFORMS = "iphoneos iphonesimulator macosx";
				SWIFT_EMIT_LOC_STRINGS = YES;
				SWIFT_VERSION = 5.0;
				TARGETED_DEVICE_FAMILY = "1,2";
			};
			name = Release;
		};
/* End XCBuildConfiguration section */

/* Begin XCConfigurationList section */
		6841382A29F1BB9F00AFB2BB /* Build configuration list for PBXProject "IntegrateFlutterSample" */ = {
			isa = XCConfigurationList;
			buildConfigurations = (
				6841383C29F1BBA000AFB2BB /* Debug */,
				6841383D29F1BBA000AFB2BB /* Release */,
			);
			defaultConfigurationIsVisible = 0;
			defaultConfigurationName = Release;
		};
		6841383E29F1BBA000AFB2BB /* Build configuration list for PBXNativeTarget "IntegrateFlutterSample" */ = {
			isa = XCConfigurationList;
			buildConfigurations = (
				6841383F29F1BBA000AFB2BB /* Debug */,
				6841384029F1BBA000AFB2BB /* Release */,
			);
			defaultConfigurationIsVisible = 0;
			defaultConfigurationName = Release;
		};
/* End XCConfigurationList section */

/* Begin XCRemoteSwiftPackageReference section */
		681C213F2A0CE57D008AD97A /* XCRemoteSwiftPackageReference "ios_ads_sdk" */ = {
			isa = XCRemoteSwiftPackageReference;
			repositoryURL = "https://github.com/mduccc/ios_ads_sdk";
			requirement = {
				branch = main;
				kind = branch;
			};
		};
/* End XCRemoteSwiftPackageReference section */

/* Begin XCSwiftPackageProductDependency section */
		681C21402A0CE57D008AD97A /* AdsSdk */ = {
			isa = XCSwiftPackageProductDependency;
			package = 681C213F2A0CE57D008AD97A /* XCRemoteSwiftPackageReference "ios_ads_sdk" */;
			productName = AdsSdk;
		};
/* End XCSwiftPackageProductDependency section */
	};
	rootObject = 6841382729F1BB9F00AFB2BB /* Project object */;
}
